
Microsoft Visual Studio Solution File, Format Version 12.00
# Visual Studio Version 17
VisualStudioVersion = 17.14.36616.10
MinimumVisualStudioVersion = 10.0.40219.1
Project("{FAE04EC0-301F-11D3-BF4B-00C04F79EFBC}") = "MovieInfo", "MovieInfo.csproj", "{027605FC-D8C3-406C-B2C3-3C2FEA2151B0}"
EndProject
Global
	GlobalSection(SolutionConfigurationPlatforms) = preSolution
		Debug|Any CPU = Debug|Any CPU
		Release|Any CPU = Release|Any CPU
	EndGlobalSection
	GlobalSection(ProjectConfigurationPlatforms) = postSolution
		{027605FC-D8C3-406C-B2C3-3C2FEA2151B0}.Debug|Any CPU.ActiveCfg = Debug|Any CPU
		{027605FC-D8C3-406C-B2C3-3C2FEA2151B0}.Debug|Any CPU.Build.0 = Debug|Any CPU
		{027605FC-D8C3-406C-B2C3-3C2FEA2151B0}.Release|Any CPU.ActiveCfg = Release|Any CPU
		{027605FC-D8C3-406C-B2C3-3C2FEA2151B0}.Release|Any CPU.Build.0 = Release|Any CPU
	EndGlobalSection
	GlobalSection(SolutionProperties) = preSolution
		HideSolutionNode = FALSE
	EndGlobalSection
	GlobalSection(ExtensibilityGlobals) = postSolution
		SolutionGuid = {8FE36D2A-39A0-4AD8-AABE-16720416BFA8}
	EndGlobalSection
EndGlobal
